
Microsoft Visual Studio Solution File, Format Version 11.00
# Visual Studio 2010
Project("{FAE04EC0-301F-11D3-BF4B-00C04F79EFBC}") = "UserListControl", "UserListControl.csproj", "{D62D3105-84E4-4B18-8F73-3F5EF1FEE6C9}"
EndProject
Global
	GlobalSection(SolutionConfigurationPlatforms) = preSolution
		Debug|Any CPU = Debug|Any CPU
		Release|Any CPU = Release|Any CPU
	EndGlobalSection
	GlobalSection(ProjectConfigurationPlatforms) = postSolution
		{D62D3105-84E4-4B18-8F73-3F5EF1FEE6C9}.Debug|Any CPU.ActiveCfg = Debug|Any CPU
		{D62D3105-84E4-4B18-8F73-3F5EF1FEE6C9}.Debug|Any CPU.Build.0 = Debug|Any CPU
		{D62D3105-84E4-4B18-8F73-3F5EF1FEE6C9}.Release|Any CPU.ActiveCfg = Release|Any CPU
		{D62D3105-84E4-4B18-8F73-3F5EF1FEE6C9}.Release|Any CPU.Build.0 = Release|Any CPU
	EndGlobalSection
	GlobalSection(SolutionProperties) = preSolution
		HideSolutionNode = FALSE
	EndGlobalSection
EndGlobal
