
Microsoft Visual Studio Solution File, Format Version 11.00
# Visual Studio 2010
Project("{FAE04EC0-301F-11D3-BF4B-00C04F79EFBC}") = "Smart Tracker", "Smart Tracker.csproj", "{C46943EB-22C7-4ECE-B248-3F8A2E39ADAD}"
EndProject
Global
	GlobalSection(SolutionConfigurationPlatforms) = preSolution
		Debug|Any CPU = Debug|Any CPU
		Release|Any CPU = Release|Any CPU
	EndGlobalSection
	GlobalSection(ProjectConfigurationPlatforms) = postSolution
		{C46943EB-22C7-4ECE-B248-3F8A2E39ADAD}.Debug|Any CPU.ActiveCfg = Debug|Any CPU
		{C46943EB-22C7-4ECE-B248-3F8A2E39ADAD}.Debug|Any CPU.Build.0 = Debug|Any CPU
		{C46943EB-22C7-4ECE-B248-3F8A2E39ADAD}.Release|Any CPU.ActiveCfg = Release|Any CPU
		{C46943EB-22C7-4ECE-B248-3F8A2E39ADAD}.Release|Any CPU.Build.0 = Release|Any CPU
	EndGlobalSection
	GlobalSection(SolutionProperties) = preSolution
		HideSolutionNode = FALSE
	EndGlobalSection
EndGlobal
