<?xml version="1.0" encoding="utf-8"?>
<Project ToolsVersion="4.0" xmlns="http://schemas.microsoft.com/developer/msbuild/2003">
  <ItemGroup>
    <Filter Include="Source Files">
      <UniqueIdentifier>{30a48fe7-6f6f-4793-beba-c080cb1f9d80}</UniqueIdentifier>
      <Extensions>cpp;c;cxx;rc;def;r;odl;idl;hpj;bat</Extensions>
    </Filter>
    <Filter Include="Header Files">
      <UniqueIdentifier>{2dcb31da-fc4d-4116-92d6-833b1a53837f}</UniqueIdentifier>
      <Extensions>h;hpp;hxx;hm;inl</Extensions>
    </Filter>
    <Filter Include="Resource Files">
      <UniqueIdentifier>{94299684-6252-48f1-b826-391675d22834}</UniqueIdentifier>
      <Extensions>ico;cur;bmp;dlg;rc2;rct;bin;rgs;gif;jpg;jpeg;jpe</Extensions>
    </Filter>
  </ItemGroup>
  <ItemGroup>
    <ClCompile Include="CommPage.cpp">
      <Filter>Source Files</Filter>
    </ClCompile>
    <ClCompile Include="Debug.cpp">
      <Filter>Source Files</Filter>
    </ClCompile>
    <ClCompile Include="ReaderPage.cpp">
      <Filter>Source Files</Filter>
    </ClCompile>
    <ClCompile Include="RelayDialog.cpp">
      <Filter>Source Files</Filter>
    </ClCompile>
    <ClCompile Include="SFGENPage.cpp">
      <Filter>Source Files</Filter>
    </ClCompile>
    <ClCompile Include="StdAfx.cpp">
      <Filter>Source Files</Filter>
    </ClCompile>
    <ClCompile Include="STDFGenPage.cpp">
      <Filter>Source Files</Filter>
    </ClCompile>
    <ClCompile Include="TagPage.cpp">
      <Filter>Source Files</Filter>
    </ClCompile>
    <ClCompile Include="TestAPI.cpp">
      <Filter>Source Files</Filter>
    </ClCompile>
    <ClCompile Include="TestAPIDlg.cpp">
      <Filter>Source Files</Filter>
    </ClCompile>
  </ItemGroup>
  <ItemGroup>
    <ResourceCompile Include="TestAPI.rc">
      <Filter>Source Files</Filter>
    </ResourceCompile>
  </ItemGroup>
  <ItemGroup>
    <ClInclude Include="AWI_API.h">
      <Filter>Header Files</Filter>
    </ClInclude>
    <ClInclude Include="CommPage.h">
      <Filter>Header Files</Filter>
    </ClInclude>
    <ClInclude Include="Debug.h">
      <Filter>Header Files</Filter>
    </ClInclude>
    <ClInclude Include="ReaderPage.h">
      <Filter>Header Files</Filter>
    </ClInclude>
    <ClInclude Include="RelayDialog.h">
      <Filter>Header Files</Filter>
    </ClInclude>
    <ClInclude Include="Resource.h">
      <Filter>Header Files</Filter>
    </ClInclude>
    <ClInclude Include="SFGENPage.h">
      <Filter>Header Files</Filter>
    </ClInclude>
    <ClInclude Include="StdAfx.h">
      <Filter>Header Files</Filter>
    </ClInclude>
    <ClInclude Include="STDFGenPage.h">
      <Filter>Header Files</Filter>
    </ClInclude>
    <ClInclude Include="TagPage.h">
      <Filter>Header Files</Filter>
    </ClInclude>
    <ClInclude Include="TestAPI.h">
      <Filter>Header Files</Filter>
    </ClInclude>
    <ClInclude Include="TestAPIDlg.h">
      <Filter>Header Files</Filter>
    </ClInclude>
  </ItemGroup>
  <ItemGroup>
    <None Include="resource.hm">
      <Filter>Header Files</Filter>
    </None>
    <None Include="res\TestAPI.ico">
      <Filter>Resource Files</Filter>
    </None>
    <None Include="res\TestAPI.rc2">
      <Filter>Resource Files</Filter>
    </None>
  </ItemGroup>
</Project>